
Microsoft Visual Studio Solution File, Format Version 12.00
# Visual Studio Version 17
VisualStudioVersion = 17.14.36623.8 d17.14
MinimumVisualStudioVersion = 10.0.40219.1
Project("{FAE04EC0-301F-11D3-BF4B-00C04F79EFBC}") = "AcademicInfoHub.Api", "AcademicInfoHub.Api\AcademicInfoHub.Api.csproj", "{F35AB799-73B2-4520-9A6C-B43B871FC1CC}"
EndProject
Global
	GlobalSection(SolutionConfigurationPlatforms) = preSolution
		Debug|Any CPU = Debug|Any CPU
		Release|Any CPU = Release|Any CPU
	EndGlobalSection
	GlobalSection(ProjectConfigurationPlatforms) = postSolution
		{F35AB799-73B2-4520-9A6C-B43B871FC1CC}.Debug|Any CPU.ActiveCfg = Debug|Any CPU
		{F35AB799-73B2-4520-9A6C-B43B871FC1CC}.Debug|Any CPU.Build.0 = Debug|Any CPU
		{F35AB799-73B2-4520-9A6C-B43B871FC1CC}.Release|Any CPU.ActiveCfg = Release|Any CPU
		{F35AB799-73B2-4520-9A6C-B43B871FC1CC}.Release|Any CPU.Build.0 = Release|Any CPU
	EndGlobalSection
	GlobalSection(SolutionProperties) = preSolution
		HideSolutionNode = FALSE
	EndGlobalSection
	GlobalSection(ExtensibilityGlobals) = postSolution
		SolutionGuid = {F07C8AC3-75DF-4905-A855-AE2D90995E8E}
	EndGlobalSection
EndGlobal
